// !$*UTF8*$!
{
	archiveVersion = 1;
	classes = {
	};
	objectVersion = 50;
	objects = {

/* Begin PBXBuildFile section */
		9041AA2121B5FBEE0052B6BF /* AppDelegate.m in Sources */ = {isa = PBXBuildFile; fileRef = 9041AA2021B5FBEE0052B6BF /* AppDelegate.m */; };
		9041AA2421B5FBEE0052B6BF /* ViewController.m in Sources */ = {isa = PBXBuildFile; fileRef = 9041AA2321B5FBEE0052B6BF /* ViewController.m */; };
		9041AA2721B5FBEE0052B6BF /* Main.storyboard in Resources */ = {isa = PBXBuildFile; fileRef = 9041AA2521B5FBEE0052B6BF /* Main.storyboard */; };
		9041AA2921B5FBF00052B6BF /* Assets.xcassets in Resources */ = {isa = PBXBuildFile; fileRef = 9041AA2821B5FBF00052B6BF /* Assets.xcassets */; };
		9041AA2C21B5FBF00052B6BF /* LaunchScreen.storyboard in Resources */ = {isa = PBXBuildFile; fileRef = 9041AA2A21B5FBF00052B6BF /* LaunchScreen.storyboard */; };
		9041AA2F21B5FBF00052B6BF /* main.m in Sources */ = {isa = PBXBuildFile; fileRef = 9041AA2E21B5FBF00052B6BF /* main.m */; };
/* End PBXBuildFile section */

/* Begin PBXFileReference section */
		9041AA1C21B5FBEE0052B6BF /* PacDemo.app */ = {isa = PBXFileReference; explicitFileType = wrapper.application; includeInIndex = 0; path = PacDemo.app; sourceTree = BUILT_PRODUCTS_DIR; };
		9041AA1F21B5FBEE0052B6BF /* AppDelegate.h */ = {isa = PBXFileReference; lastKnownFileType = sourcecode.c.h; path = AppDelegate.h; sourceTree = "<group>"; };
		9041AA2021B5FBEE0052B6BF /* AppDelegate.m */ = {isa = PBXFileReference; lastKnownFileType = sourcecode.c.objc; path = AppDelegate.m; sourceTree = "<group>"; };
		9041AA2221B5FBEE0052B6BF /* ViewController.h */ = {isa = PBXFileReference; lastKnownFileType = sourcecode.c.h; path = ViewController.h; sourceTree = "<group>"; };
		9041AA2321B5FBEE0052B6BF /* ViewController.m */ = {isa = PBXFileReference; lastKnownFileType = sourcecode.c.objc; path = ViewController.m; sourceTree = "<group>"; };
		9041AA2621B5FBEE0052B6BF /* Base */ = {isa = PBXFileReference; lastKnownFileType = file.storyboard; name = Base; path = Base.lproj/Main.storyboard; sourceTree = "<group>"; };
		9041AA2821B5FBF00052B6BF /* Assets.xcassets */ = {isa = PBXFileReference; lastKnownFileType = folder.assetcatalog; path = Assets.xcassets; sourceTree = "<group>"; };
		9041AA2B21B5FBF00052B6BF /* Base */ = {isa = PBXFileReference; lastKnownFileType = file.storyboard; name = Base; path = Base.lproj/LaunchScreen.storyboard; sourceTree = "<group>"; };
		9041AA2D21B5FBF00052B6BF /* Info.plist */ = {isa = PBXFileReference; lastKnownFileType = text.plist.xml; path = Info.plist; sourceTree = "<group>"; };
		9041AA2E21B5FBF00052B6BF /* main.m */ = {isa = PBXFileReference; lastKnownFileType = sourcecode.c.objc; path = main.m; sourceTree = "<group>"; };
/* End PBXFileReference section */

/* Begin PBXFrameworksBuildPhase section */
		9041AA1921B5FBEE0052B6BF /* Frameworks */ = {
			isa = PBXFrameworksBuildPhase;
			buildActionMask = 2147483647;
			files = (
			);
			runOnlyForDeploymentPostprocessing = 0;
		};
/* End PBXFrameworksBuildPhase section */

/* Begin PBXGroup section */
		9041AA1321B5FBEE0052B6BF = {
			isa = PBXGroup;
			children = (
				9041AA1E21B5FBEE0052B6BF /* PacDemo */,
				9041AA1D21B5FBEE0052B6BF /* Products */,
			);
			sourceTree = "<group>";
		};
		9041AA1D21B5FBEE0052B6BF /* Products */ = {
			isa = PBXGroup;
			children = (
				9041AA1C21B5FBEE0052B6BF /* PacDemo.app */,
			);
			name = Products;
			sourceTree = "<group>";
		};
		9041AA1E21B5FBEE0052B6BF /* PacDemo */ = {
			isa = PBXGroup;
			children = (
				9041AA1F21B5FBEE0052B6BF /* AppDelegate.h */,
				9041AA2021B5FBEE0052B6BF /* AppDelegate.m */,
				9041AA2221B5FBEE0052B6BF /* ViewController.h */,
				9041AA2321B5FBEE0052B6BF /* ViewController.m */,
				9041AA2521B5FBEE0052B6BF /* Main.storyboard */,
				9041AA2821B5FBF00052B6BF /* Assets.xcassets */,
				9041AA2A21B5FBF00052B6BF /* LaunchScreen.storyboard */,
				9041AA2D21B5FBF00052B6BF /* Info.plist */,
				9041AA2E21B5FBF00052B6BF /* main.m */,
			);
			path = PacDemo;
			sourceTree = "<group>";
		};
/* End PBXGroup section */

/* Begin PBXNativeTarget section */
		9041AA1B21B5FBEE0052B6BF /* PacDemo */ = {
			isa = PBXNativeTarget;
			buildConfigurationList = 9041AA3221B5FBF00052B6BF /* Build configuration list for PBXNativeTarget "PacDemo" */;
			buildPhases = (
				9041AA1821B5FBEE0052B6BF /* Sources */,
				9041AA1921B5FBEE0052B6BF /* Frameworks */,
				9041AA1A21B5FBEE0052B6BF /* Resources */,
			);
			buildRules = (
			);
			dependencies = (
			);
			name = PacDemo;
			productName = PacDemo;
			productReference = 9041AA1C21B5FBEE0052B6BF /* PacDemo.app */;
			productType = "com.apple.product-type.application";
		};
/* End PBXNativeTarget section */

/* Begin PBXProject section */
		9041AA1421B5FBEE0052B6BF /* Project object */ = {
			isa = PBXProject;
			attributes = {
				LastUpgradeCheck = 1010;
				ORGANIZATIONNAME = Pactera_Admin;
				TargetAttributes = {
					9041AA1B21B5FBEE0052B6BF = {
						CreatedOnToolsVersion = 10.1;
					};
				};
			};
			buildConfigurationList = 9041AA1721B5FBEE0052B6BF /* Build configuration list for PBXProject "PacDemo" */;
			compatibilityVersion = "Xcode 9.3";
			developmentRegion = en;
			hasScannedForEncodings = 0;
			knownRegions = (
				en,
				Base,
			);
			mainGroup = 9041AA1321B5FBEE0052B6BF;
			productRefGroup = 9041AA1D21B5FBEE0052B6BF /* Products */;
			projectDirPath = "";
			projectRoot = "";
			targets = (
				9041AA1B21B5FBEE0052B6BF /* PacDemo */,
			);
		};
/* End PBXProject section */

/* Begin PBXResourcesBuildPhase section */
		9041AA1A21B5FBEE0052B6BF /* Resources */ = {
			isa = PBXResourcesBuildPhase;
			buildActionMask = 2147483647;
			files = (
				9041AA2C21B5FBF00052B6BF /* LaunchScreen.storyboard in Resources */,
				9041AA2921B5FBF00052B6BF /* Assets.xcassets in Resources */,
				9041AA2721B5FBEE0052B6BF /* Main.storyboard in Resources */,
			);
			runOnlyForDeploymentPostprocessing = 0;
		};
/* End PBXResourcesBuildPhase section */

/* Begin PBXSourcesBuildPhase section */
		9041AA1821B5FBEE0052B6BF /* Sources */ = {
			isa = PBXSourcesBuildPhase;
			buildActionMask = 2147483647;
			files = (
				9041AA2421B5FBEE0052B6BF /* ViewController.m in Sources */,
				9041AA2F21B5FBF00052B6BF /* main.m in Sources */,
				9041AA2121B5FBEE0052B6BF /* AppDelegate.m in Sources */,
			);
			runOnlyForDeploymentPostprocessing = 0;
		};
/* End PBXSourcesBuildPhase section */

/* Begin PBXVariantGroup section */
		9041AA2521B5FBEE0052B6BF /* Main.storyboard */ = {
			isa = PBXVariantGroup;
			children = (
				9041AA2621B5FBEE0052B6BF /* Base */,
			);
			name = Main.storyboard;
			sourceTree = "<group>";
		};
		9041AA2A21B5FBF00052B6BF /* LaunchScreen.storyboard */ = {
			isa = PBXVariantGroup;
			children = (
				9041AA2B21B5FBF00052B6BF /* Base */,
			);
			name = LaunchScreen.storyboard;
			sourceTree = "<group>";
		};
/* End PBXVariantGroup section */

/* Begin XCBuildConfiguration section */
		9041AA3021B5FBF00052B6BF /* Debug */ = {
			isa = XCBuildConfiguration;
			buildSettings = {
				ALWAYS_SEARCH_USER_PATHS = NO;
				CLANG_ANALYZER_NONNULL = YES;
				CLANG_ANALYZER_NUMBER_OBJECT_CONVERSION = YES_AGGRESSIVE;
				CLANG_CXX_LANGUAGE_STANDARD = "gnu++14";
				CLANG_CXX_LIBRARY = "libc++";
				CLANG_ENABLE_MODULES = YES;
				CLANG_ENABLE_OBJC_ARC = YES;
				CLANG_ENABLE_OBJC_WEAK = YES;
				CLANG_WARN_BLOCK_CAPTURE_AUTORELEASING = YES;
				CLANG_WARN_BOOL_CONVERSION = YES;
				CLANG_WARN_COMMA = YES;
				CLANG_WARN_CONSTANT_CONVERSION = YES;
				CLANG_WARN_DEPRECATED_OBJC_IMPLEMENTATIONS = YES;
				CLANG_WARN_DIRECT_OBJC_ISA_USAGE = YES_ERROR;
				CLANG_WARN_DOCUMENTATION_COMMENTS = YES;
				CLANG_WARN_EMPTY_BODY = YES;
				CLANG_WARN_ENUM_CONVERSION = YES;
				CLANG_WARN_INFINITE_RECURSION = YES;
				CLANG_WARN_INT_CONVERSION = YES;
				CLANG_WARN_NON_LITERAL_NULL_CONVERSION = YES;
				CLANG_WARN_OBJC_IMPLICIT_RETAIN_SELF = YES;
				CLANG_WARN_OBJC_LITERAL_CONVERSION = YES;
				CLANG_WARN_OBJC_ROOT_CLASS = YES_ERROR;
				CLANG_WARN_RANGE_LOOP_ANALYSIS = YES;
				CLANG_WARN_STRICT_PROTOTYPES = YES;
				CLANG_WARN_SUSPICIOUS_MOVE = YES;
				CLANG_WARN_UNGUARDED_AVAILABILITY = YES_AGGRESSIVE;
				CLANG_WARN_UNREACHABLE_CODE = YES;
				CLANG_WARN__DUPLICATE_METHOD_MATCH = YES;
				CODE_SIGN_IDENTITY = "iPhone Developer";
				COPY_PHASE_STRIP = NO;
				DEBUG_INFORMATION_FORMAT = dwarf;
				ENABLE_STRICT_OBJC_MSGSEND = YES;
				ENABLE_TESTABILITY = YES;
				GCC_C_LANGUAGE_STANDARD = gnu11;
				GCC_DYNAMIC_NO_PIC = NO;
				GCC_NO_COMMON_BLOCKS = YES;
				GCC_OPTIMIZATION_LEVEL = 0;
				GCC_PREPROCESSOR_DEFINITIONS = (
					"DEBUG=1",
					"$(inherited)",
				);
				GCC_WARN_64_TO_32_BIT_CONVERSION = YES;
				GCC_WARN_ABOUT_RETURN_TYPE = YES_ERROR;
				GCC_WARN_UNDECLARED_SELECTOR = YES;
				GCC_WARN_UNINITIALIZED_AUTOS = YES_AGGRESSIVE;
				GCC_WARN_UNUSED_FUNCTION = YES;
				GCC_WARN_UNUSED_VARIABLE = YES;
				IPHONEOS_DEPLOYMENT_TARGET = 12.1;
				MTL_ENABLE_DEBUG_INFO = INCLUDE_SOURCE;
				MTL_FAST_MATH = YES;
				ONLY_ACTIVE_ARCH = YES;
				SDKROOT = iphoneos;
			};
			name = Debug;
		};
		9041AA3121B5FBF00052B6BF /* Release */ = {
			isa = XCBuildConfiguration;
			buildSettings = {
				ALWAYS_SEARCH_USER_PATHS = NO;
				CLANG_ANALYZER_NONNULL = YES;
				CLANG_ANALYZER_NUMBER_OBJECT_CONVERSION = YES_AGGRESSIVE;
				CLANG_CXX_LANGUAGE_STANDARD = "gnu++14";
				CLANG_CXX_LIBRARY = "libc++";
				CLANG_ENABLE_MODULES = YES;
				CLANG_ENABLE_OBJC_ARC = YES;
				CLANG_ENABLE_OBJC_WEAK = YES;
				CLANG_WARN_BLOCK_CAPTURE_AUTORELEASING = YES;
				CLANG_WARN_BOOL_CONVERSION = YES;
				CLANG_WARN_COMMA = YES;
				CLANG_WARN_CONSTANT_CONVERSION = YES;
				CLANG_WARN_DEPRECATED_OBJC_IMPLEMENTATIONS = YES;
				CLANG_WARN_DIRECT_OBJC_ISA_USAGE = YES_ERROR;
				CLANG_WARN_DOCUMENTATION_COMMENTS = YES;
				CLANG_WARN_EMPTY_BODY = YES;
				CLANG_WARN_ENUM_CONVERSION = YES;
				CLANG_WARN_INFINITE_RECURSION = YES;
				CLANG_WARN_INT_CONVERSION = YES;
				CLANG_WARN_NON_LITERAL_NULL_CONVERSION = YES;
				CLANG_WARN_OBJC_IMPLICIT_RETAIN_SELF = YES;
				CLANG_WARN_OBJC_LITERAL_CONVERSION = YES;
				CLANG_WARN_OBJC_ROOT_CLASS = YES_ERROR;
				CLANG_WARN_RANGE_LOOP_ANALYSIS = YES;
				CLANG_WARN_STRICT_PROTOTYPES = YES;
				CLANG_WARN_SUSPICIOUS_MOVE = YES;
				CLANG_WARN_UNGUARDED_AVAILABILITY = YES_AGGRESSIVE;
				CLANG_WARN_UNREACHABLE_CODE = YES;
				CLANG_WARN__DUPLICATE_METHOD_MATCH = YES;
				CODE_SIGN_IDENTITY = "iPhone Developer";
				COPY_PHASE_STRIP = NO;
				DEBUG_INFORMATION_FORMAT = "dwarf-with-dsym";
				ENABLE_NS_ASSERTIONS = NO;
				ENABLE_STRICT_OBJC_MSGSEND = YES;
				GCC_C_LANGUAGE_STANDARD = gnu11;
				GCC_NO_COMMON_BLOCKS = YES;
				GCC_WARN_64_TO_32_BIT_CONVERSION = YES;
				GCC_WARN_ABOUT_RETURN_TYPE = YES_ERROR;
				GCC_WARN_UNDECLARED_SELECTOR = YES;
				GCC_WARN_UNINITIALIZED_AUTOS = YES_AGGRESSIVE;
				GCC_WARN_UNUSED_FUNCTION = YES;
				GCC_WARN_UNUSED_VARIABLE = YES;
				IPHONEOS_DEPLOYMENT_TARGET = 12.1;
				MTL_ENABLE_DEBUG_INFO = NO;
				MTL_FAST_MATH = YES;
				SDKROOT = iphoneos;
				VALIDATE_PRODUCT = YES;
			};
			name = Release;
		};
		9041AA3321B5FBF00052B6BF /* Debug */ = {
			isa = XCBuildConfiguration;
			buildSettings = {
				ASSETCATALOG_COMPILER_APPICON_NAME = AppIcon;
				CODE_SIGN_STYLE = Manual;
				DEVELOPMENT_TEAM = "";
				INFOPLIST_FILE = PacDemo/Info.plist;
				LD_RUNPATH_SEARCH_PATHS = (
					"$(inherited)",
					"@executable_path/Frameworks",
				);
				PRODUCT_BUNDLE_IDENTIFIER = hello.PacDemo;
				PRODUCT_NAME = "$(TARGET_NAME)";
				PROVISIONING_PROFILE_SPECIFIER = "";
				TARGETED_DEVICE_FAMILY = "1,2";
			};
			name = Debug;
		};
		9041AA3421B5FBF00052B6BF /* Release */ = {
			isa = XCBuildConfiguration;
			buildSettings = {
				ASSETCATALOG_COMPILER_APPICON_NAME = AppIcon;
				CODE_SIGN_STYLE = Manual;
				DEVELOPMENT_TEAM = "";
				INFOPLIST_FILE = PacDemo/Info.plist;
				LD_RUNPATH_SEARCH_PATHS = (
					"$(inherited)",
					"@executable_path/Frameworks",
				);
				PRODUCT_BUNDLE_IDENTIFIER = hello.PacDemo;
				PRODUCT_NAME = "$(TARGET_NAME)";
				PROVISIONING_PROFILE_SPECIFIER = "";
				TARGETED_DEVICE_FAMILY = "1,2";
			};
			name = Release;
		};
/* End XCBuildConfiguration section */

/* Begin XCConfigurationList section */
		9041AA1721B5FBEE0052B6BF /* Build configuration list for PBXProject "PacDemo" */ = {
			isa = XCConfigurationList;
			buildConfigurations = (
				9041AA3021B5FBF00052B6BF /* Debug */,
				9041AA3121B5FBF00052B6BF /* Release */,
			);
			defaultConfigurationIsVisible = 0;
			defaultConfigurationName = Release;
		};
		9041AA3221B5FBF00052B6BF /* Build configuration list for PBXNativeTarget "PacDemo" */ = {
			isa = XCConfigurationList;
			buildConfigurations = (
				9041AA3321B5FBF00052B6BF /* Debug */,
				9041AA3421B5FBF00052B6BF /* Release */,
			);
			defaultConfigurationIsVisible = 0;
			defaultConfigurationName = Release;
		};
/* End XCConfigurationList section */
	};
	rootObject = 9041AA1421B5FBEE0052B6BF /* Project object */;
}
